
Microsoft Visual Studio Solution File, Format Version 12.00
# Visual Studio Version 17
VisualStudioVersion = 17.14.36119.2
MinimumVisualStudioVersion = 10.0.40219.1
Project("{9A19103F-16F7-4668-BE54-9A1E7A4F7556}") = "ADO_Yacopino", "ado_multiplestablas\ADO_Yacopino.csproj", "{7502213F-1347-4934-A89E-A0A6D039B7B3}"
EndProject
Global
	GlobalSection(SolutionConfigurationPlatforms) = preSolution
		Debug|Any CPU = Debug|Any CPU
		Release|Any CPU = Release|Any CPU
	EndGlobalSection
	GlobalSection(ProjectConfigurationPlatforms) = postSolution
		{7502213F-1347-4934-A89E-A0A6D039B7B3}.Debug|Any CPU.ActiveCfg = Debug|Any CPU
		{7502213F-1347-4934-A89E-A0A6D039B7B3}.Debug|Any CPU.Build.0 = Debug|Any CPU
		{7502213F-1347-4934-A89E-A0A6D039B7B3}.Release|Any CPU.ActiveCfg = Release|Any CPU
		{7502213F-1347-4934-A89E-A0A6D039B7B3}.Release|Any CPU.Build.0 = Release|Any CPU
	EndGlobalSection
	GlobalSection(SolutionProperties) = preSolution
		HideSolutionNode = FALSE
	EndGlobalSection
	GlobalSection(ExtensibilityGlobals) = postSolution
		SolutionGuid = {BBE7E9CE-E16C-4FD2-BB9C-6BF8C3922456}
	EndGlobalSection
EndGlobal
